
Microsoft Visual Studio Solution File, Format Version 12.00
# Visual Studio 2012
Project("{FAE04EC0-301F-11D3-BF4B-00C04F79EFBC}") = "SimpleAndroidProjectTemplateAddin", "SimpleAndroidProjectTemplateAddin.csproj", "{A42E9779-DBC9-45C6-A2BD-897013F85C16}"
EndProject
Global
	GlobalSection(SolutionConfigurationPlatforms) = preSolution
		Debug|Any CPU = Debug|Any CPU
		Release|Any CPU = Release|Any CPU
	EndGlobalSection
	GlobalSection(ProjectConfigurationPlatforms) = postSolution
		{A42E9779-DBC9-45C6-A2BD-897013F85C16}.Debug|Any CPU.ActiveCfg = Debug|Any CPU
		{A42E9779-DBC9-45C6-A2BD-897013F85C16}.Debug|Any CPU.Build.0 = Debug|Any CPU
		{A42E9779-DBC9-45C6-A2BD-897013F85C16}.Release|Any CPU.ActiveCfg = Release|Any CPU
		{A42E9779-DBC9-45C6-A2BD-897013F85C16}.Release|Any CPU.Build.0 = Release|Any CPU
	EndGlobalSection
	GlobalSection(MonoDevelopProperties) = preSolution
		StartupItem = SimpleAndroidProjectTemplateAddin.csproj
	EndGlobalSection
EndGlobal
